PODS:
  - Capacitor (5.7.5):
    - CapacitorCordova
  - CapacitorApp (5.0.7):
    - Capacitor
  - CapacitorCommunityBackgroundGeolocation (0.0.1):
    - Capacitor
  - CapacitorCordova (5.7.5)
  - CapacitorDevice (5.0.7):
    - Capacitor
  - CapacitorGeolocation (5.0.7):
    - Capacitor
  - CapacitorVoiceRecorder (5.0.0):
    - Capacitor

DEPENDENCIES:
  - "Capacitor (from `../../node_modules/@capacitor/ios`)"
  - "CapacitorApp (from `../../node_modules/@capacitor/app`)"
  - "CapacitorCommunityBackgroundGeolocation (from `../../node_modules/@capacitor-community/background-geolocation`)"
  - "CapacitorCordova (from `../../node_modules/@capacitor/ios`)"
  - "CapacitorDevice (from `../../node_modules/@capacitor/device`)"
  - "CapacitorGeolocation (from `../../node_modules/@capacitor/geolocation`)"
  - CapacitorVoiceRecorder (from `../../node_modules/capacitor-voice-recorder`)

EXTERNAL SOURCES:
  Capacitor:
    :path: "../../node_modules/@capacitor/ios"
  CapacitorApp:
    :path: "../../node_modules/@capacitor/app"
  CapacitorCommunityBackgroundGeolocation:
    :path: "../../node_modules/@capacitor-community/background-geolocation"
  CapacitorCordova:
    :path: "../../node_modules/@capacitor/ios"
  CapacitorDevice:
    :path: "../../node_modules/@capacitor/device"
  CapacitorGeolocation:
    :path: "../../node_modules/@capacitor/geolocation"
  CapacitorVoiceRecorder:
    :path: "../../node_modules/capacitor-voice-recorder"

SPEC CHECKSUMS:
  Capacitor: 7d42085cb786b2d3ea9ac8a17ebd7e3305be7b72
  CapacitorApp: 17fecd0e6cb23feafac7eb0939417389038b0979
  CapacitorCommunityBackgroundGeolocation: 6f26f4290377dbd1d6dec21e62cb66f008f61ec7
  CapacitorCordova: c946a6052b547e1e185fc46862003f7b9130ead1
  CapacitorDevice: fc91bdb484dc0e70755e9b621cd557afe642613a
  CapacitorGeolocation: 918a292459542bcce98433f9e7c7909f8c72838a
  CapacitorVoiceRecorder: 872ea857b497ce2c71afe3e4eb5de0a74290c0db

PODFILE CHECKSUM: 139f74c5716a2d59afcdfd7f4cc853c5c578f2d4

COCOAPODS: 1.15.2
